// !$*UTF8*$!
{
	archiveVersion = 1;
	classes = {
	};
	objectVersion = 46;
	objects = {

/* Begin PBXBuildFile section */
		C82462D41A719E800059F668 /* OTRPrincipleClass.m in Sources */ = {isa = PBXBuildFile; fileRef = C82462D31A719E800059F668 /* OTRPrincipleClass.m */; };
		C864D9951A763F0300794EA7 /* libgcrypt.20.dylib in Frameworks */ = {isa = PBXBuildFile; fileRef = C864D9921A763F0300794EA7 /* libgcrypt.20.dylib */; };
		C864D9961A763F0300794EA7 /* libgpg-error.0.dylib in Frameworks */ = {isa = PBXBuildFile; fileRef = C864D9931A763F0300794EA7 /* libgpg-error.0.dylib */; };
		C864D9971A763F0300794EA7 /* libotr.5.dylib in Frameworks */ = {isa = PBXBuildFile; fileRef = C864D9941A763F0300794EA7 /* libotr.5.dylib */; };
		C864D9981A763F3400794EA7 /* libgcrypt.20.dylib in CopyFiles */ = {isa = PBXBuildFile; fileRef = C864D9921A763F0300794EA7 /* libgcrypt.20.dylib */; settings = {ATTRIBUTES = (CodeSignOnCopy, ); }; };
		C864D9991A763F3400794EA7 /* libgpg-error.0.dylib in CopyFiles */ = {isa = PBXBuildFile; fileRef = C864D9931A763F0300794EA7 /* libgpg-error.0.dylib */; settings = {ATTRIBUTES = (CodeSignOnCopy, ); }; };
		C864D99A1A763F3400794EA7 /* libotr.5.dylib in CopyFiles */ = {isa = PBXBuildFile; fileRef = C864D9941A763F0300794EA7 /* libotr.5.dylib */; settings = {ATTRIBUTES = (CodeSignOnCopy, ); }; };
/* End PBXBuildFile section */

/* Begin PBXCopyFilesBuildPhase section */
		C8C12E921A7502990071F56D /* CopyFiles */ = {
			isa = PBXCopyFilesBuildPhase;
			buildActionMask = 2147483647;
			dstPath = ../Frameworks;
			dstSubfolderSpec = 6;
			files = (
				C864D9981A763F3400794EA7 /* libgcrypt.20.dylib in CopyFiles */,
				C864D9991A763F3400794EA7 /* libgpg-error.0.dylib in CopyFiles */,
				C864D99A1A763F3400794EA7 /* libotr.5.dylib in CopyFiles */,
			);
			runOnlyForDeploymentPostprocessing = 0;
		};
/* End PBXCopyFilesBuildPhase section */

/* Begin PBXFileReference section */
		C82462C41A719C4A0059F668 /* Textual OTR.bundle */ = {isa = PBXFileReference; explicitFileType = wrapper.cfbundle; includeInIndex = 0; path = "Textual OTR.bundle"; sourceTree = BUILT_PRODUCTS_DIR; };
		C82462C81A719C4A0059F668 /* Info.plist */ = {isa = PBXFileReference; lastKnownFileType = text.plist.xml; path = Info.plist; sourceTree = "<group>"; };
		C82462CE1A719DCC0059F668 /* Headers */ = {isa = PBXFileReference; lastKnownFileType = folder; name = Headers; path = "../../../../../Applications/Textual 5.app/Contents/Headers"; sourceTree = "<group>"; };
		C82462D21A719E800059F668 /* OTRPrincipleClass.h */ = {isa = PBXFileReference; fileEncoding = 4; lastKnownFileType = sourcecode.c.h; path = OTRPrincipleClass.h; sourceTree = "<group>"; };
		C82462D31A719E800059F668 /* OTRPrincipleClass.m */ = {isa = PBXFileReference; fileEncoding = 4; lastKnownFileType = sourcecode.c.objc; path = OTRPrincipleClass.m; sourceTree = "<group>"; };
		C864D9921A763F0300794EA7 /* libgcrypt.20.dylib */ = {isa = PBXFileReference; lastKnownFileType = "compiled.mach-o.dylib"; name = libgcrypt.20.dylib; path = lib/libgcrypt.20.dylib; sourceTree = "<group>"; };
		C864D9931A763F0300794EA7 /* libgpg-error.0.dylib */ = {isa = PBXFileReference; lastKnownFileType = "compiled.mach-o.dylib"; name = "libgpg-error.0.dylib"; path = "lib/libgpg-error.0.dylib"; sourceTree = "<group>"; };
		C864D9941A763F0300794EA7 /* libotr.5.dylib */ = {isa = PBXFileReference; lastKnownFileType = "compiled.mach-o.dylib"; name = libotr.5.dylib; path = lib/libotr.5.dylib; sourceTree = "<group>"; };
/* End PBXFileReference section */

/* Begin PBXFrameworksBuildPhase section */
		C82462C11A719C490059F668 /* Frameworks */ = {
			isa = PBXFrameworksBuildPhase;
			buildActionMask = 2147483647;
			files = (
				C864D9961A763F0300794EA7 /* libgpg-error.0.dylib in Frameworks */,
				C864D9951A763F0300794EA7 /* libgcrypt.20.dylib in Frameworks */,
				C864D9971A763F0300794EA7 /* libotr.5.dylib in Frameworks */,
			);
			runOnlyForDeploymentPostprocessing = 0;
		};
/* End PBXFrameworksBuildPhase section */

/* Begin PBXGroup section */
		C82462BB1A719C490059F668 = {
			isa = PBXGroup;
			children = (
				C8C12E891A74FF4B0071F56D /* Frameworks */,
				C82462C61A719C4A0059F668 /* Textual OTR */,
				C82462C51A719C4A0059F668 /* Products */,
			);
			sourceTree = "<group>";
		};
		C82462C51A719C4A0059F668 /* Products */ = {
			isa = PBXGroup;
			children = (
				C82462C41A719C4A0059F668 /* Textual OTR.bundle */,
			);
			name = Products;
			sourceTree = "<group>";
		};
		C82462C61A719C4A0059F668 /* Textual OTR */ = {
			isa = PBXGroup;
			children = (
				C82462CE1A719DCC0059F668 /* Headers */,
				C82462C71A719C4A0059F668 /* Supporting Files */,
				C82462D21A719E800059F668 /* OTRPrincipleClass.h */,
				C82462D31A719E800059F668 /* OTRPrincipleClass.m */,
			);
			path = "Textual OTR";
			sourceTree = "<group>";
		};
		C82462C71A719C4A0059F668 /* Supporting Files */ = {
			isa = PBXGroup;
			children = (
				C82462C81A719C4A0059F668 /* Info.plist */,
			);
			name = "Supporting Files";
			sourceTree = "<group>";
		};
		C8C12E891A74FF4B0071F56D /* Frameworks */ = {
			isa = PBXGroup;
			children = (
				C864D9921A763F0300794EA7 /* libgcrypt.20.dylib */,
				C864D9931A763F0300794EA7 /* libgpg-error.0.dylib */,
				C864D9941A763F0300794EA7 /* libotr.5.dylib */,
			);
			name = Frameworks;
			sourceTree = "<group>";
		};
/* End PBXGroup section */

/* Begin PBXNativeTarget section */
		C82462C31A719C490059F668 /* Textual OTR */ = {
			isa = PBXNativeTarget;
			buildConfigurationList = C82462CB1A719C4A0059F668 /* Build configuration list for PBXNativeTarget "Textual OTR" */;
			buildPhases = (
				C82462C01A719C490059F668 /* Sources */,
				C82462C11A719C490059F668 /* Frameworks */,
				C82462C21A719C490059F668 /* Resources */,
				C8C12E921A7502990071F56D /* CopyFiles */,
			);
			buildRules = (
			);
			dependencies = (
			);
			name = "Textual OTR";
			productName = "Textual OTR";
			productReference = C82462C41A719C4A0059F668 /* Textual OTR.bundle */;
			productType = "com.apple.product-type.bundle";
		};
/* End PBXNativeTarget section */

/* Begin PBXProject section */
		C82462BC1A719C490059F668 /* Project object */ = {
			isa = PBXProject;
			attributes = {
				LastUpgradeCheck = 0610;
				ORGANIZATIONNAME = Joost;
				TargetAttributes = {
					C82462C31A719C490059F668 = {
						CreatedOnToolsVersion = 6.1.1;
					};
				};
			};
			buildConfigurationList = C82462BF1A719C490059F668 /* Build configuration list for PBXProject "Textual OTR" */;
			compatibilityVersion = "Xcode 3.2";
			developmentRegion = English;
			hasScannedForEncodings = 0;
			knownRegions = (
				en,
			);
			mainGroup = C82462BB1A719C490059F668;
			productRefGroup = C82462C51A719C4A0059F668 /* Products */;
			projectDirPath = "";
			projectRoot = "";
			targets = (
				C82462C31A719C490059F668 /* Textual OTR */,
			);
		};
/* End PBXProject section */

/* Begin PBXResourcesBuildPhase section */
		C82462C21A719C490059F668 /* Resources */ = {
			isa = PBXResourcesBuildPhase;
			buildActionMask = 2147483647;
			files = (
			);
			runOnlyForDeploymentPostprocessing = 0;
		};
/* End PBXResourcesBuildPhase section */

/* Begin PBXSourcesBuildPhase section */
		C82462C01A719C490059F668 /* Sources */ = {
			isa = PBXSourcesBuildPhase;
			buildActionMask = 2147483647;
			files = (
				C82462D41A719E800059F668 /* OTRPrincipleClass.m in Sources */,
			);
			runOnlyForDeploymentPostprocessing = 0;
		};
/* End PBXSourcesBuildPhase section */

/* Begin XCBuildConfiguration section */
		C82462C91A719C4A0059F668 /* Debug */ = {
			isa = XCBuildConfiguration;
			buildSettings = {
				ALWAYS_SEARCH_USER_PATHS = NO;
				CLANG_CXX_LANGUAGE_STANDARD = "gnu++0x";
				CLANG_CXX_LIBRARY = "libc++";
				CLANG_ENABLE_MODULES = YES;
				CLANG_ENABLE_OBJC_ARC = YES;
				CLANG_WARN_BOOL_CONVERSION = YES;
				CLANG_WARN_CONSTANT_CONVERSION = YES;
				CLANG_WARN_DIRECT_OBJC_ISA_USAGE = YES_ERROR;
				CLANG_WARN_EMPTY_BODY = YES;
				CLANG_WARN_ENUM_CONVERSION = YES;
				CLANG_WARN_INT_CONVERSION = YES;
				CLANG_WARN_OBJC_ROOT_CLASS = YES_ERROR;
				CLANG_WARN_UNREACHABLE_CODE = YES;
				CLANG_WARN__DUPLICATE_METHOD_MATCH = YES;
				COPY_PHASE_STRIP = NO;
				ENABLE_STRICT_OBJC_MSGSEND = YES;
				GCC_C_LANGUAGE_STANDARD = gnu99;
				GCC_DYNAMIC_NO_PIC = NO;
				GCC_OPTIMIZATION_LEVEL = 0;
				GCC_PREPROCESSOR_DEFINITIONS = (
					"DEBUG=1",
					"$(inherited)",
				);
				GCC_SYMBOLS_PRIVATE_EXTERN = NO;
				GCC_WARN_64_TO_32_BIT_CONVERSION = YES;
				GCC_WARN_ABOUT_RETURN_TYPE = YES_ERROR;
				GCC_WARN_UNDECLARED_SELECTOR = YES;
				GCC_WARN_UNINITIALIZED_AUTOS = YES_AGGRESSIVE;
				GCC_WARN_UNUSED_FUNCTION = YES;
				GCC_WARN_UNUSED_VARIABLE = YES;
				MACOSX_DEPLOYMENT_TARGET = 10.10;
				MTL_ENABLE_DEBUG_INFO = YES;
				ONLY_ACTIVE_ARCH = YES;
				SDKROOT = macosx;
			};
			name = Debug;
		};
		C82462CA1A719C4A0059F668 /* Release */ = {
			isa = XCBuildConfiguration;
			buildSettings = {
				ALWAYS_SEARCH_USER_PATHS = NO;
				CLANG_CXX_LANGUAGE_STANDARD = "gnu++0x";
				CLANG_CXX_LIBRARY = "libc++";
				CLANG_ENABLE_MODULES = YES;
				CLANG_ENABLE_OBJC_ARC = YES;
				CLANG_WARN_BOOL_CONVERSION = YES;
				CLANG_WARN_CONSTANT_CONVERSION = YES;
				CLANG_WARN_DIRECT_OBJC_ISA_USAGE = YES_ERROR;
				CLANG_WARN_EMPTY_BODY = YES;
				CLANG_WARN_ENUM_CONVERSION = YES;
				CLANG_WARN_INT_CONVERSION = YES;
				CLANG_WARN_OBJC_ROOT_CLASS = YES_ERROR;
				CLANG_WARN_UNREACHABLE_CODE = YES;
				CLANG_WARN__DUPLICATE_METHOD_MATCH = YES;
				COPY_PHASE_STRIP = YES;
				DEBUG_INFORMATION_FORMAT = "dwarf-with-dsym";
				ENABLE_NS_ASSERTIONS = NO;
				ENABLE_STRICT_OBJC_MSGSEND = YES;
				GCC_C_LANGUAGE_STANDARD = gnu99;
				GCC_WARN_64_TO_32_BIT_CONVERSION = YES;
				GCC_WARN_ABOUT_RETURN_TYPE = YES_ERROR;
				GCC_WARN_UNDECLARED_SELECTOR = YES;
				GCC_WARN_UNINITIALIZED_AUTOS = YES_AGGRESSIVE;
				GCC_WARN_UNUSED_FUNCTION = YES;
				GCC_WARN_UNUSED_VARIABLE = YES;
				MACOSX_DEPLOYMENT_TARGET = 10.10;
				MTL_ENABLE_DEBUG_INFO = NO;
				SDKROOT = macosx;
			};
			name = Release;
		};
		C82462CC1A719C4A0059F668 /* Debug */ = {
			isa = XCBuildConfiguration;
			buildSettings = {
				BUNDLE_LOADER = "/Applications/Textual 5.app/Contents/MacOS/Textual 5";
				COMBINE_HIDPI_IMAGES = YES;
				FRAMEWORK_SEARCH_PATHS = "\"/Applications/Textual 5.app/Contents/Frameworks/**\"";
				HEADER_SEARCH_PATHS = (
					"$(inherited)",
					/Applications/Xcode.app/Contents/Developer/Toolchains/XcodeDefault.xctoolchain/usr/include,
					"\"/Applications/Textual 5.app/Contents/Headers/**\"",
					"$(PROJECT_DIR)/include",
				);
				INFOPLIST_FILE = "Textual OTR/Info.plist";
				INSTALL_PATH = "$(LOCAL_LIBRARY_DIR)/Bundles";
				LD_RUNPATH_SEARCH_PATHS = "@loader_path/../Frameworks";
				LIBRARY_SEARCH_PATHS = (
					"$(inherited)",
					"$(PROJECT_DIR)/lib",
				);
				PRODUCT_NAME = "$(TARGET_NAME)";
				SKIP_INSTALL = YES;
				WRAPPER_EXTENSION = bundle;
			};
			name = Debug;
		};
		C82462CD1A719C4A0059F668 /* Release */ = {
			isa = XCBuildConfiguration;
			buildSettings = {
				BUNDLE_LOADER = "/Applications/Textual 5.app/Contents/MacOS/Textual 5";
				COMBINE_HIDPI_IMAGES = YES;
				FRAMEWORK_SEARCH_PATHS = "\"/Applications/Textual 5.app/Contents/Frameworks/**\"";
				HEADER_SEARCH_PATHS = (
					"$(inherited)",
					/Applications/Xcode.app/Contents/Developer/Toolchains/XcodeDefault.xctoolchain/usr/include,
					"\"/Applications/Textual 5.app/Contents/Headers/**\"",
					"$(PROJECT_DIR)/include",
				);
				INFOPLIST_FILE = "Textual OTR/Info.plist";
				INSTALL_PATH = "$(LOCAL_LIBRARY_DIR)/Bundles";
				LD_RUNPATH_SEARCH_PATHS = "@loader_path/../Frameworks";
				LIBRARY_SEARCH_PATHS = (
					"$(inherited)",
					"$(PROJECT_DIR)/lib",
				);
				PRODUCT_NAME = "$(TARGET_NAME)";
				SKIP_INSTALL = YES;
				WRAPPER_EXTENSION = bundle;
			};
			name = Release;
		};
/* End XCBuildConfiguration section */

/* Begin XCConfigurationList section */
		C82462BF1A719C490059F668 /* Build configuration list for PBXProject "Textual OTR" */ = {
			isa = XCConfigurationList;
			buildConfigurations = (
				C82462C91A719C4A0059F668 /* Debug */,
				C82462CA1A719C4A0059F668 /* Release */,
			);
			defaultConfigurationIsVisible = 0;
			defaultConfigurationName = Release;
		};
		C82462CB1A719C4A0059F668 /* Build configuration list for PBXNativeTarget "Textual OTR" */ = {
			isa = XCConfigurationList;
			buildConfigurations = (
				C82462CC1A719C4A0059F668 /* Debug */,
				C82462CD1A719C4A0059F668 /* Release */,
			);
			defaultConfigurationIsVisible = 0;
			defaultConfigurationName = Release;
		};
/* End XCConfigurationList section */
	};
	rootObject = C82462BC1A719C490059F668 /* Project object */;
}
